{
    "antishov/doctrine-extensions-bundle": {
        "version": "1.4",
        "recipe": {
            "repo": "github.com/symfony/recipes-contrib",
            "branch": "master",
            "version": "1.4",
            "ref": "6c1ceb662f8997085f739cd089bfbef67f245983"
        },
        "files": [
            "config/packages/stof_doctrine_extensions.yaml"
        ]
    },
    "behat/transliterator": {
        "version": "v1.2.0"
    },
    "gedmo/doctrine-extensions": {
        "version": "v2.4.38"
    },
    "php": {
        "version": "7.3"
    }
}
